// !$*UTF8*$!
{
	archiveVersion = 1;
	classes = {
	};
	objectVersion = 50;
	objects = {

/* Begin PBXBuildFile section */
		6A3E64FA308D95077F90669C /* libPods-Rec-Col-Gnizer.a in Frameworks */ = {isa = PBXBuildFile; fileRef = 79D25CDF86F488C7CDA6CF20 /* libPods-Rec-Col-Gnizer.a */; };
		6F0133B524464A2900D2A25A /* SliderCell.swift in Sources */ = {isa = PBXBuildFile; fileRef = 6F0133B324464A2900D2A25A /* SliderCell.swift */; };
		6F0133B624464A2900D2A25A /* SliderCell.xib in Resources */ = {isa = PBXBuildFile; fileRef = 6F0133B424464A2900D2A25A /* SliderCell.xib */; };
		6F3A47D9243E71410036CF34 /* ImagePickerViewController.swift in Sources */ = {isa = PBXBuildFile; fileRef = 6F3A47D8243E71410036CF34 /* ImagePickerViewController.swift */; };
		6F591AF7243E2E7F00ECEEEC /* AppDelegate.swift in Sources */ = {isa = PBXBuildFile; fileRef = 6F591AF6243E2E7F00ECEEEC /* AppDelegate.swift */; };
		6F591AF9243E2E7F00ECEEEC /* SceneDelegate.swift in Sources */ = {isa = PBXBuildFile; fileRef = 6F591AF8243E2E7F00ECEEEC /* SceneDelegate.swift */; };
		6F591AFE243E2E7F00ECEEEC /* Main.storyboard in Resources */ = {isa = PBXBuildFile; fileRef = 6F591AFC243E2E7F00ECEEEC /* Main.storyboard */; };
		6F591B01243E2E7F00ECEEEC /* Rec_Col_Gnizer.xcdatamodeld in Sources */ = {isa = PBXBuildFile; fileRef = 6F591AFF243E2E7F00ECEEEC /* Rec_Col_Gnizer.xcdatamodeld */; };
		6F591B03243E2E8500ECEEEC /* Assets.xcassets in Resources */ = {isa = PBXBuildFile; fileRef = 6F591B02243E2E8500ECEEEC /* Assets.xcassets */; };
		6F591B06243E2E8500ECEEEC /* LaunchScreen.storyboard in Resources */ = {isa = PBXBuildFile; fileRef = 6F591B04243E2E8500ECEEEC /* LaunchScreen.storyboard */; };
		6F591B11243E2E8500ECEEEC /* Rec_Col_GnizerTests.swift in Sources */ = {isa = PBXBuildFile; fileRef = 6F591B10243E2E8500ECEEEC /* Rec_Col_GnizerTests.swift */; };
		6F591B1C243E2E8500ECEEEC /* Rec_Col_GnizerUITests.swift in Sources */ = {isa = PBXBuildFile; fileRef = 6F591B1B243E2E8500ECEEEC /* Rec_Col_GnizerUITests.swift */; };
		6F591B2C243E2EDD00ECEEEC /* WebService.swift in Sources */ = {isa = PBXBuildFile; fileRef = 6F591B2B243E2EDD00ECEEEC /* WebService.swift */; };
		6F591B2E243E2F0700ECEEEC /* ColorModel.swift in Sources */ = {isa = PBXBuildFile; fileRef = 6F591B2D243E2F0700ECEEEC /* ColorModel.swift */; };
		6F9084C72440620F00D7E7A2 /* CameraController.swift in Sources */ = {isa = PBXBuildFile; fileRef = 6F9084C62440620F00D7E7A2 /* CameraController.swift */; };
		6F9084CA2440626100D7E7A2 /* CameraError.swift in Sources */ = {isa = PBXBuildFile; fileRef = 6F9084C92440626100D7E7A2 /* CameraError.swift */; };
		6F9084CC2440629700D7E7A2 /* CameraControllerDelegate.swift in Sources */ = {isa = PBXBuildFile; fileRef = 6F9084CB2440629700D7E7A2 /* CameraControllerDelegate.swift */; };
		6F9084CE2440656400D7E7A2 /* RGBViewController_TO_REMOVE.swift in Sources */ = {isa = PBXBuildFile; fileRef = 6F9084CD2440656400D7E7A2 /* RGBViewController_TO_REMOVE.swift */; };
		6F9084D02440658E00D7E7A2 /* PickerViewController.swift in Sources */ = {isa = PBXBuildFile; fileRef = 6F9084CF2440658E00D7E7A2 /* PickerViewController.swift */; };
		6F9084D52440660F00D7E7A2 /* RGBModel.swift in Sources */ = {isa = PBXBuildFile; fileRef = 6F9084D42440660F00D7E7A2 /* RGBModel.swift */; };
		6F9084D72440674E00D7E7A2 /* UserData.swift in Sources */ = {isa = PBXBuildFile; fileRef = 6F9084D62440674E00D7E7A2 /* UserData.swift */; };
		6F9084D9244068F000D7E7A2 /* RGBViewModel_TO_REMOVE.swift in Sources */ = {isa = PBXBuildFile; fileRef = 6F9084D8244068F000D7E7A2 /* RGBViewModel_TO_REMOVE.swift */; };
		6F9084DD24406A2600D7E7A2 /* MainViewModel.swift in Sources */ = {isa = PBXBuildFile; fileRef = 6F9084DC24406A2600D7E7A2 /* MainViewModel.swift */; };
		6F9084DF24406ACF00D7E7A2 /* MainMenuModel.swift in Sources */ = {isa = PBXBuildFile; fileRef = 6F9084DE24406ACF00D7E7A2 /* MainMenuModel.swift */; };
		6F9084E624407B7800D7E7A2 /* ColorHelper.swift in Sources */ = {isa = PBXBuildFile; fileRef = 6F9084E524407B7800D7E7A2 /* ColorHelper.swift */; };
		6F909F3024464D4B001FCF97 /* PickerViewModel.swift in Sources */ = {isa = PBXBuildFile; fileRef = 6F909F2F24464D4B001FCF97 /* PickerViewModel.swift */; };
		6F9138AF243E507C008B8E78 /* ColorRandomiezer.swift in Sources */ = {isa = PBXBuildFile; fileRef = 6F9138AE243E507C008B8E78 /* ColorRandomiezer.swift */; };
		6F97C075243E57D300CDA54C /* IntroViewController.swift in Sources */ = {isa = PBXBuildFile; fileRef = 6F97C074243E57D300CDA54C /* IntroViewController.swift */; };
		6F97C077243E596300CDA54C /* Coordinator.swift in Sources */ = {isa = PBXBuildFile; fileRef = 6F97C076243E596300CDA54C /* Coordinator.swift */; };
		6F9D49502442452200AF50D6 /* BaseViewController.swift in Sources */ = {isa = PBXBuildFile; fileRef = 6F9D494F2442452200AF50D6 /* BaseViewController.swift */; };
		6F9D49522442460B00AF50D6 /* LoadingCoordinator.swift in Sources */ = {isa = PBXBuildFile; fileRef = 6F9D49512442460B00AF50D6 /* LoadingCoordinator.swift */; };
		6F9D49542442475F00AF50D6 /* LoadingViewController.swift in Sources */ = {isa = PBXBuildFile; fileRef = 6F9D49532442475F00AF50D6 /* LoadingViewController.swift */; };
		6F9D495A244251CD00AF50D6 /* ColorNameCell.swift in Sources */ = {isa = PBXBuildFile; fileRef = 6F9D4958244251CD00AF50D6 /* ColorNameCell.swift */; };
		6F9D495B244251CD00AF50D6 /* ColorNameCell.xib in Resources */ = {isa = PBXBuildFile; fileRef = 6F9D4959244251CD00AF50D6 /* ColorNameCell.xib */; };
		6F9D495E244251E100AF50D6 /* ColumnDataCell.swift in Sources */ = {isa = PBXBuildFile; fileRef = 6F9D495C244251E100AF50D6 /* ColumnDataCell.swift */; };
		6F9D495F244251E100AF50D6 /* ColumnDataCell.xib in Resources */ = {isa = PBXBuildFile; fileRef = 6F9D495D244251E100AF50D6 /* ColumnDataCell.xib */; };
		6F9D4969244254FC00AF50D6 /* ColorDataViewModel.swift in Sources */ = {isa = PBXBuildFile; fileRef = 6F9D4968244254FC00AF50D6 /* ColorDataViewModel.swift */; };
		6F9D496B244266FA00AF50D6 /* Styles.swift in Sources */ = {isa = PBXBuildFile; fileRef = 6F9D496A244266FA00AF50D6 /* Styles.swift */; };
		6F9D497424426F1600AF50D6 /* CellBuilder.swift in Sources */ = {isa = PBXBuildFile; fileRef = 6F9D497324426F1600AF50D6 /* CellBuilder.swift */; };
		6FF2758F2440A6BE00FDDBAF /* APIEndpoints.swift in Sources */ = {isa = PBXBuildFile; fileRef = 6FF2758E2440A6BE00FDDBAF /* APIEndpoints.swift */; };
		6FF275912440A6E200FDDBAF /* WebError.swift in Sources */ = {isa = PBXBuildFile; fileRef = 6FF275902440A6E200FDDBAF /* WebError.swift */; };
		6FF275932440AEE400FDDBAF /* RGBViewController+TextFieldDelegate.swift in Sources */ = {isa = PBXBuildFile; fileRef = 6FF275922440AEE400FDDBAF /* RGBViewController+TextFieldDelegate.swift */; };
		6FF275952440B42B00FDDBAF /* ColorDataViewController.swift in Sources */ = {isa = PBXBuildFile; fileRef = 6FF275942440B42B00FDDBAF /* ColorDataViewController.swift */; };
		6FF275982440CEBF00FDDBAF /* Storyboarded.swift in Sources */ = {isa = PBXBuildFile; fileRef = 6FF275972440CEBF00FDDBAF /* Storyboarded.swift */; };
		6FF2759B2440D13A00FDDBAF /* MainCoordinator.swift in Sources */ = {isa = PBXBuildFile; fileRef = 6FF2759A2440D13A00FDDBAF /* MainCoordinator.swift */; };
/* End PBXBuildFile section */

/* Begin PBXContainerItemProxy section */
		6F591B0D243E2E8500ECEEEC /* PBXContainerItemProxy */ = {
			isa = PBXContainerItemProxy;
			containerPortal = 6F591AEB243E2E7F00ECEEEC /* Project object */;
			proxyType = 1;
			remoteGlobalIDString = 6F591AF2243E2E7F00ECEEEC;
			remoteInfo = "Rec-Col-Gnizer";
		};
		6F591B18243E2E8500ECEEEC /* PBXContainerItemProxy */ = {
			isa = PBXContainerItemProxy;
			containerPortal = 6F591AEB243E2E7F00ECEEEC /* Project object */;
			proxyType = 1;
			remoteGlobalIDString = 6F591AF2243E2E7F00ECEEEC;
			remoteInfo = "Rec-Col-Gnizer";
		};
/* End PBXContainerItemProxy section */

/* Begin PBXFileReference section */
		1FB3AF0B30260BE62C362D6D /* Pods-Rec-Col-Gnizer.debug.xcconfig */ = {isa = PBXFileReference; includeInIndex = 1; lastKnownFileType = text.xcconfig; name = "Pods-Rec-Col-Gnizer.debug.xcconfig"; path = "Target Support Files/Pods-Rec-Col-Gnizer/Pods-Rec-Col-Gnizer.debug.xcconfig"; sourceTree = "<group>"; };
		6F0133B324464A2900D2A25A /* SliderCell.swift */ = {isa = PBXFileReference; lastKnownFileType = sourcecode.swift; path = SliderCell.swift; sourceTree = "<group>"; };
		6F0133B424464A2900D2A25A /* SliderCell.xib */ = {isa = PBXFileReference; lastKnownFileType = file.xib; path = SliderCell.xib; sourceTree = "<group>"; };
		6F3A47D8243E71410036CF34 /* ImagePickerViewController.swift */ = {isa = PBXFileReference; lastKnownFileType = sourcecode.swift; path = ImagePickerViewController.swift; sourceTree = "<group>"; };
		6F591AF3243E2E7F00ECEEEC /* Rec-Col-Gnizer.app */ = {isa = PBXFileReference; explicitFileType = wrapper.application; includeInIndex = 0; path = "Rec-Col-Gnizer.app"; sourceTree = BUILT_PRODUCTS_DIR; };
		6F591AF6243E2E7F00ECEEEC /* AppDelegate.swift */ = {isa = PBXFileReference; lastKnownFileType = sourcecode.swift; path = AppDelegate.swift; sourceTree = "<group>"; };
		6F591AF8243E2E7F00ECEEEC /* SceneDelegate.swift */ = {isa = PBXFileReference; lastKnownFileType = sourcecode.swift; path = SceneDelegate.swift; sourceTree = "<group>"; };
		6F591AFD243E2E7F00ECEEEC /* Base */ = {isa = PBXFileReference; lastKnownFileType = file.storyboard; name = Base; path = Base.lproj/Main.storyboard; sourceTree = "<group>"; };
		6F591B00243E2E7F00ECEEEC /* Rec_Col_Gnizer.xcdatamodel */ = {isa = PBXFileReference; lastKnownFileType = wrapper.xcdatamodel; path = Rec_Col_Gnizer.xcdatamodel; sourceTree = "<group>"; };
		6F591B02243E2E8500ECEEEC /* Assets.xcassets */ = {isa = PBXFileReference; lastKnownFileType = folder.assetcatalog; path = Assets.xcassets; sourceTree = "<group>"; };
		6F591B05243E2E8500ECEEEC /* Base */ = {isa = PBXFileReference; lastKnownFileType = file.storyboard; name = Base; path = Base.lproj/LaunchScreen.storyboard; sourceTree = "<group>"; };
		6F591B07243E2E8500ECEEEC /* Info.plist */ = {isa = PBXFileReference; lastKnownFileType = text.plist.xml; path = Info.plist; sourceTree = "<group>"; };
		6F591B0C243E2E8500ECEEEC /* Rec-Col-GnizerTests.xctest */ = {isa = PBXFileReference; explicitFileType = wrapper.cfbundle; includeInIndex = 0; path = "Rec-Col-GnizerTests.xctest"; sourceTree = BUILT_PRODUCTS_DIR; };
		6F591B10243E2E8500ECEEEC /* Rec_Col_GnizerTests.swift */ = {isa = PBXFileReference; lastKnownFileType = sourcecode.swift; path = Rec_Col_GnizerTests.swift; sourceTree = "<group>"; };
		6F591B12243E2E8500ECEEEC /* Info.plist */ = {isa = PBXFileReference; lastKnownFileType = text.plist.xml; path = Info.plist; sourceTree = "<group>"; };
		6F591B17243E2E8500ECEEEC /* Rec-Col-GnizerUITests.xctest */ = {isa = PBXFileReference; explicitFileType = wrapper.cfbundle; includeInIndex = 0; path = "Rec-Col-GnizerUITests.xctest"; sourceTree = BUILT_PRODUCTS_DIR; };
		6F591B1B243E2E8500ECEEEC /* Rec_Col_GnizerUITests.swift */ = {isa = PBXFileReference; lastKnownFileType = sourcecode.swift; path = Rec_Col_GnizerUITests.swift; sourceTree = "<group>"; };
		6F591B1D243E2E8500ECEEEC /* Info.plist */ = {isa = PBXFileReference; lastKnownFileType = text.plist.xml; path = Info.plist; sourceTree = "<group>"; };
		6F591B2B243E2EDD00ECEEEC /* WebService.swift */ = {isa = PBXFileReference; lastKnownFileType = sourcecode.swift; path = WebService.swift; sourceTree = "<group>"; };
		6F591B2D243E2F0700ECEEEC /* ColorModel.swift */ = {isa = PBXFileReference; lastKnownFileType = sourcecode.swift; path = ColorModel.swift; sourceTree = "<group>"; };
		6F9084C62440620F00D7E7A2 /* CameraController.swift */ = {isa = PBXFileReference; lastKnownFileType = sourcecode.swift; path = CameraController.swift; sourceTree = "<group>"; };
		6F9084C92440626100D7E7A2 /* CameraError.swift */ = {isa = PBXFileReference; lastKnownFileType = sourcecode.swift; path = CameraError.swift; sourceTree = "<group>"; };
		6F9084CB2440629700D7E7A2 /* CameraControllerDelegate.swift */ = {isa = PBXFileReference; lastKnownFileType = sourcecode.swift; path = CameraControllerDelegate.swift; sourceTree = "<group>"; };
		6F9084CD2440656400D7E7A2 /* RGBViewController_TO_REMOVE.swift */ = {isa = PBXFileReference; lastKnownFileType = sourcecode.swift; path = RGBViewController_TO_REMOVE.swift; sourceTree = "<group>"; };
		6F9084CF2440658E00D7E7A2 /* PickerViewController.swift */ = {isa = PBXFileReference; lastKnownFileType = sourcecode.swift; path = PickerViewController.swift; sourceTree = "<group>"; };
		6F9084D42440660F00D7E7A2 /* RGBModel.swift */ = {isa = PBXFileReference; lastKnownFileType = sourcecode.swift; path = RGBModel.swift; sourceTree = "<group>"; };
		6F9084D62440674E00D7E7A2 /* UserData.swift */ = {isa = PBXFileReference; lastKnownFileType = sourcecode.swift; path = UserData.swift; sourceTree = "<group>"; };
		6F9084D8244068F000D7E7A2 /* RGBViewModel_TO_REMOVE.swift */ = {isa = PBXFileReference; lastKnownFileType = sourcecode.swift; path = RGBViewModel_TO_REMOVE.swift; sourceTree = "<group>"; };
		6F9084DC24406A2600D7E7A2 /* MainViewModel.swift */ = {isa = PBXFileReference; lastKnownFileType = sourcecode.swift; path = MainViewModel.swift; sourceTree = "<group>"; };
		6F9084DE24406ACF00D7E7A2 /* MainMenuModel.swift */ = {isa = PBXFileReference; lastKnownFileType = sourcecode.swift; path = MainMenuModel.swift; sourceTree = "<group>"; };
		6F9084E524407B7800D7E7A2 /* ColorHelper.swift */ = {isa = PBXFileReference; lastKnownFileType = sourcecode.swift; path = ColorHelper.swift; sourceTree = "<group>"; };
		6F909F2F24464D4B001FCF97 /* PickerViewModel.swift */ = {isa = PBXFileReference; lastKnownFileType = sourcecode.swift; path = PickerViewModel.swift; sourceTree = "<group>"; };
		6F9138AE243E507C008B8E78 /* ColorRandomiezer.swift */ = {isa = PBXFileReference; lastKnownFileType = sourcecode.swift; path = ColorRandomiezer.swift; sourceTree = "<group>"; };
		6F97C074243E57D300CDA54C /* IntroViewController.swift */ = {isa = PBXFileReference; lastKnownFileType = sourcecode.swift; path = IntroViewController.swift; sourceTree = "<group>"; };
		6F97C076243E596300CDA54C /* Coordinator.swift */ = {isa = PBXFileReference; lastKnownFileType = sourcecode.swift; path = Coordinator.swift; sourceTree = "<group>"; };
		6F97C079243E6B4800CDA54C /* SwiftHEXColors.framework */ = {isa = PBXFileReference; explicitFileType = wrapper.framework; path = SwiftHEXColors.framework; sourceTree = BUILT_PRODUCTS_DIR; };
		6F97C087243E6E6300CDA54C /* libSwiftHEXColors.a */ = {isa = PBXFileReference; explicitFileType = archive.ar; path = libSwiftHEXColors.a; sourceTree = BUILT_PRODUCTS_DIR; };
		6F9D494F2442452200AF50D6 /* BaseViewController.swift */ = {isa = PBXFileReference; lastKnownFileType = sourcecode.swift; path = BaseViewController.swift; sourceTree = "<group>"; };
		6F9D49512442460B00AF50D6 /* LoadingCoordinator.swift */ = {isa = PBXFileReference; lastKnownFileType = sourcecode.swift; path = LoadingCoordinator.swift; sourceTree = "<group>"; };
		6F9D49532442475F00AF50D6 /* LoadingViewController.swift */ = {isa = PBXFileReference; lastKnownFileType = sourcecode.swift; path = LoadingViewController.swift; sourceTree = "<group>"; };
		6F9D4958244251CD00AF50D6 /* ColorNameCell.swift */ = {isa = PBXFileReference; lastKnownFileType = sourcecode.swift; path = ColorNameCell.swift; sourceTree = "<group>"; };
		6F9D4959244251CD00AF50D6 /* ColorNameCell.xib */ = {isa = PBXFileReference; lastKnownFileType = file.xib; path = ColorNameCell.xib; sourceTree = "<group>"; };
		6F9D495C244251E100AF50D6 /* ColumnDataCell.swift */ = {isa = PBXFileReference; lastKnownFileType = sourcecode.swift; path = ColumnDataCell.swift; sourceTree = "<group>"; };
		6F9D495D244251E100AF50D6 /* ColumnDataCell.xib */ = {isa = PBXFileReference; lastKnownFileType = file.xib; path = ColumnDataCell.xib; sourceTree = "<group>"; };
		6F9D4968244254FC00AF50D6 /* ColorDataViewModel.swift */ = {isa = PBXFileReference; lastKnownFileType = sourcecode.swift; path = ColorDataViewModel.swift; sourceTree = "<group>"; };
		6F9D496A244266FA00AF50D6 /* Styles.swift */ = {isa = PBXFileReference; lastKnownFileType = sourcecode.swift; path = Styles.swift; sourceTree = "<group>"; };
		6F9D497324426F1600AF50D6 /* CellBuilder.swift */ = {isa = PBXFileReference; lastKnownFileType = sourcecode.swift; path = CellBuilder.swift; sourceTree = "<group>"; };
		6FF2758E2440A6BE00FDDBAF /* APIEndpoints.swift */ = {isa = PBXFileReference; lastKnownFileType = sourcecode.swift; path = APIEndpoints.swift; sourceTree = "<group>"; };
		6FF275902440A6E200FDDBAF /* WebError.swift */ = {isa = PBXFileReference; lastKnownFileType = sourcecode.swift; path = WebError.swift; sourceTree = "<group>"; };
		6FF275922440AEE400FDDBAF /* RGBViewController+TextFieldDelegate.swift */ = {isa = PBXFileReference; lastKnownFileType = sourcecode.swift; path = "RGBViewController+TextFieldDelegate.swift"; sourceTree = "<group>"; };
		6FF275942440B42B00FDDBAF /* ColorDataViewController.swift */ = {isa = PBXFileReference; lastKnownFileType = sourcecode.swift; path = ColorDataViewController.swift; sourceTree = "<group>"; };
		6FF275972440CEBF00FDDBAF /* Storyboarded.swift */ = {isa = PBXFileReference; lastKnownFileType = sourcecode.swift; path = Storyboarded.swift; sourceTree = "<group>"; };
		6FF2759A2440D13A00FDDBAF /* MainCoordinator.swift */ = {isa = PBXFileReference; lastKnownFileType = sourcecode.swift; path = MainCoordinator.swift; sourceTree = "<group>"; };
		79D25CDF86F488C7CDA6CF20 /* libPods-Rec-Col-Gnizer.a */ = {isa = PBXFileReference; explicitFileType = archive.ar; includeInIndex = 0; path = "libPods-Rec-Col-Gnizer.a"; sourceTree = BUILT_PRODUCTS_DIR; };
		91D6104C4CD6635364E222C4 /* Pods-Rec-Col-Gnizer.release.xcconfig */ = {isa = PBXFileReference; includeInIndex = 1; lastKnownFileType = text.xcconfig; name = "Pods-Rec-Col-Gnizer.release.xcconfig"; path = "Target Support Files/Pods-Rec-Col-Gnizer/Pods-Rec-Col-Gnizer.release.xcconfig"; sourceTree = "<group>"; };
		A5023B34A503F01DC9C7DE38 /* Pods_Rec_Col_Gnizer.framework */ = {isa = PBXFileReference; explicitFileType = wrapper.framework; includeInIndex = 0; path = Pods_Rec_Col_Gnizer.framework; sourceTree = BUILT_PRODUCTS_DIR; };
/* End PBXFileReference section */

/* Begin PBXFrameworksBuildPhase section */
		6F591AF0243E2E7F00ECEEEC /* Frameworks */ = {
			isa = PBXFrameworksBuildPhase;
			buildActionMask = 2147483647;
			files = (
				6A3E64FA308D95077F90669C /* libPods-Rec-Col-Gnizer.a in Frameworks */,
			);
			runOnlyForDeploymentPostprocessing = 0;
		};
		6F591B09243E2E8500ECEEEC /* Frameworks */ = {
			isa = PBXFrameworksBuildPhase;
			buildActionMask = 2147483647;
			files = (
			);
			runOnlyForDeploymentPostprocessing = 0;
		};
		6F591B14243E2E8500ECEEEC /* Frameworks */ = {
			isa = PBXFrameworksBuildPhase;
			buildActionMask = 2147483647;
			files = (
			);
			runOnlyForDeploymentPostprocessing = 0;
		};
/* End PBXFrameworksBuildPhase section */

/* Begin PBXGroup section */
		6F591AEA243E2E7F00ECEEEC = {
			isa = PBXGroup;
			children = (
				6F591AF5243E2E7F00ECEEEC /* Rec-Col-Gnizer */,
				6F591B0F243E2E8500ECEEEC /* Rec-Col-GnizerTests */,
				6F591B1A243E2E8500ECEEEC /* Rec-Col-GnizerUITests */,
				6F591AF4243E2E7F00ECEEEC /* Products */,
				A8CD26646ADB296848AF81F8 /* Pods */,
				AB6794DC08DF2D6DB05D2DDC /* Frameworks */,
				6F97C083243E6CBE00CDA54C /* Recovered References */,
			);
			sourceTree = "<group>";
		};
		6F591AF4243E2E7F00ECEEEC /* Products */ = {
			isa = PBXGroup;
			children = (
				6F591AF3243E2E7F00ECEEEC /* Rec-Col-Gnizer.app */,
				6F591B0C243E2E8500ECEEEC /* Rec-Col-GnizerTests.xctest */,
				6F591B17243E2E8500ECEEEC /* Rec-Col-GnizerUITests.xctest */,
			);
			name = Products;
			sourceTree = "<group>";
		};
		6F591AF5243E2E7F00ECEEEC /* Rec-Col-Gnizer */ = {
			isa = PBXGroup;
			children = (
				6F9D494E2442451200AF50D6 /* Base */,
				6FF275962440CEAC00FDDBAF /* Flow */,
				6F9138AD243E5060008B8E78 /* Helpers */,
				6F591B2F243E2F0A00ECEEEC /* CoreData */,
				6F591B2A243E2EC000ECEEEC /* WebService */,
				6F591B29243E2EB500ECEEEC /* MVVM */,
				6F591AF6243E2E7F00ECEEEC /* AppDelegate.swift */,
				6F591AF8243E2E7F00ECEEEC /* SceneDelegate.swift */,
				6F591B02243E2E8500ECEEEC /* Assets.xcassets */,
				6F591B07243E2E8500ECEEEC /* Info.plist */,
			);
			path = "Rec-Col-Gnizer";
			sourceTree = "<group>";
		};
		6F591B0F243E2E8500ECEEEC /* Rec-Col-GnizerTests */ = {
			isa = PBXGroup;
			children = (
				6F591B10243E2E8500ECEEEC /* Rec_Col_GnizerTests.swift */,
				6F591B12243E2E8500ECEEEC /* Info.plist */,
			);
			path = "Rec-Col-GnizerTests";
			sourceTree = "<group>";
		};
		6F591B1A243E2E8500ECEEEC /* Rec-Col-GnizerUITests */ = {
			isa = PBXGroup;
			children = (
				6F591B1B243E2E8500ECEEEC /* Rec_Col_GnizerUITests.swift */,
				6F591B1D243E2E8500ECEEEC /* Info.plist */,
			);
			path = "Rec-Col-GnizerUITests";
			sourceTree = "<group>";
		};
		6F591B29243E2EB500ECEEEC /* MVVM */ = {
			isa = PBXGroup;
			children = (
				6F9D49552442517400AF50D6 /* Cells */,
				6F9084D1244065D200D7E7A2 /* ViewModel */,
				6F9084D3244065F100D7E7A2 /* Model */,
				6F9084D2244065DB00D7E7A2 /* ViewController */,
			);
			path = MVVM;
			sourceTree = "<group>";
		};
		6F591B2A243E2EC000ECEEEC /* WebService */ = {
			isa = PBXGroup;
			children = (
				6F97C078243E59DA00CDA54C /* CodableObjects */,
				6F591B2B243E2EDD00ECEEEC /* WebService.swift */,
				6FF2758E2440A6BE00FDDBAF /* APIEndpoints.swift */,
				6FF275902440A6E200FDDBAF /* WebError.swift */,
			);
			path = WebService;
			sourceTree = "<group>";
		};
		6F591B2F243E2F0A00ECEEEC /* CoreData */ = {
			isa = PBXGroup;
			children = (
				6F591AFF243E2E7F00ECEEEC /* Rec_Col_Gnizer.xcdatamodeld */,
			);
			path = CoreData;
			sourceTree = "<group>";
		};
		6F9084C82440624A00D7E7A2 /* CameraController */ = {
			isa = PBXGroup;
			children = (
				6F9084C62440620F00D7E7A2 /* CameraController.swift */,
				6F9084C92440626100D7E7A2 /* CameraError.swift */,
				6F9084CB2440629700D7E7A2 /* CameraControllerDelegate.swift */,
			);
			path = CameraController;
			sourceTree = "<group>";
		};
		6F9084D1244065D200D7E7A2 /* ViewModel */ = {
			isa = PBXGroup;
			children = (
				6F9084D8244068F000D7E7A2 /* RGBViewModel_TO_REMOVE.swift */,
				6F9084DC24406A2600D7E7A2 /* MainViewModel.swift */,
				6F9D4968244254FC00AF50D6 /* ColorDataViewModel.swift */,
				6F909F2F24464D4B001FCF97 /* PickerViewModel.swift */,
			);
			path = ViewModel;
			sourceTree = "<group>";
		};
		6F9084D2244065DB00D7E7A2 /* ViewController */ = {
			isa = PBXGroup;
			children = (
				6F97C074243E57D300CDA54C /* IntroViewController.swift */,
				6F3A47D8243E71410036CF34 /* ImagePickerViewController.swift */,
				6F9084CF2440658E00D7E7A2 /* PickerViewController.swift */,
				6F9084CD2440656400D7E7A2 /* RGBViewController_TO_REMOVE.swift */,
				6FF275922440AEE400FDDBAF /* RGBViewController+TextFieldDelegate.swift */,
				6FF275942440B42B00FDDBAF /* ColorDataViewController.swift */,
				6F9D49532442475F00AF50D6 /* LoadingViewController.swift */,
			);
			path = ViewController;
			sourceTree = "<group>";
		};
		6F9084D3244065F100D7E7A2 /* Model */ = {
			isa = PBXGroup;
			children = (
				6F9084D42440660F00D7E7A2 /* RGBModel.swift */,
				6F9084DE24406ACF00D7E7A2 /* MainMenuModel.swift */,
			);
			path = Model;
			sourceTree = "<group>";
		};
		6F9138AD243E5060008B8E78 /* Helpers */ = {
			isa = PBXGroup;
			children = (
				6F9084C82440624A00D7E7A2 /* CameraController */,
				6F9138AE243E507C008B8E78 /* ColorRandomiezer.swift */,
				6F9084D62440674E00D7E7A2 /* UserData.swift */,
				6F9084E524407B7800D7E7A2 /* ColorHelper.swift */,
				6F9D496A244266FA00AF50D6 /* Styles.swift */,
				6F9D497324426F1600AF50D6 /* CellBuilder.swift */,
			);
			path = Helpers;
			sourceTree = "<group>";
		};
		6F97C078243E59DA00CDA54C /* CodableObjects */ = {
			isa = PBXGroup;
			children = (
				6F591B2D243E2F0700ECEEEC /* ColorModel.swift */,
			);
			path = CodableObjects;
			sourceTree = "<group>";
		};
		6F97C083243E6CBE00CDA54C /* Recovered References */ = {
			isa = PBXGroup;
			children = (
				A5023B34A503F01DC9C7DE38 /* Pods_Rec_Col_Gnizer.framework */,
			);
			name = "Recovered References";
			sourceTree = "<group>";
		};
		6F9D494E2442451200AF50D6 /* Base */ = {
			isa = PBXGroup;
			children = (
				6F9D494F2442452200AF50D6 /* BaseViewController.swift */,
			);
			path = Base;
			sourceTree = "<group>";
		};
		6F9D49552442517400AF50D6 /* Cells */ = {
			isa = PBXGroup;
			children = (
				6F9D4958244251CD00AF50D6 /* ColorNameCell.swift */,
				6F9D4959244251CD00AF50D6 /* ColorNameCell.xib */,
				6F9D495C244251E100AF50D6 /* ColumnDataCell.swift */,
				6F9D495D244251E100AF50D6 /* ColumnDataCell.xib */,
				6F0133B324464A2900D2A25A /* SliderCell.swift */,
				6F0133B424464A2900D2A25A /* SliderCell.xib */,
			);
			path = Cells;
			sourceTree = "<group>";
		};
		6FF275962440CEAC00FDDBAF /* Flow */ = {
			isa = PBXGroup;
			children = (
				6FF275992440D11A00FDDBAF /* Coordinators */,
				6F591B04243E2E8500ECEEEC /* LaunchScreen.storyboard */,
				6F591AFC243E2E7F00ECEEEC /* Main.storyboard */,
				6F97C076243E596300CDA54C /* Coordinator.swift */,
				6FF275972440CEBF00FDDBAF /* Storyboarded.swift */,
			);
			path = Flow;
			sourceTree = "<group>";
		};
		6FF275992440D11A00FDDBAF /* Coordinators */ = {
			isa = PBXGroup;
			children = (
				6FF2759A2440D13A00FDDBAF /* MainCoordinator.swift */,
				6F9D49512442460B00AF50D6 /* LoadingCoordinator.swift */,
			);
			path = Coordinators;
			sourceTree = "<group>";
		};
		A8CD26646ADB296848AF81F8 /* Pods */ = {
			isa = PBXGroup;
			children = (
				1FB3AF0B30260BE62C362D6D /* Pods-Rec-Col-Gnizer.debug.xcconfig */,
				91D6104C4CD6635364E222C4 /* Pods-Rec-Col-Gnizer.release.xcconfig */,
			);
			path = Pods;
			sourceTree = "<group>";
		};
		AB6794DC08DF2D6DB05D2DDC /* Frameworks */ = {
			isa = PBXGroup;
			children = (
				6F97C087243E6E6300CDA54C /* libSwiftHEXColors.a */,
				6F97C079243E6B4800CDA54C /* SwiftHEXColors.framework */,
				79D25CDF86F488C7CDA6CF20 /* libPods-Rec-Col-Gnizer.a */,
			);
			name = Frameworks;
			sourceTree = "<group>";
		};
/* End PBXGroup section */

/* Begin PBXNativeTarget section */
		6F591AF2243E2E7F00ECEEEC /* Rec-Col-Gnizer */ = {
			isa = PBXNativeTarget;
			buildConfigurationList = 6F591B20243E2E8500ECEEEC /* Build configuration list for PBXNativeTarget "Rec-Col-Gnizer" */;
			buildPhases = (
				E2C4F1315A94ED3E13D90A9E /* [CP] Check Pods Manifest.lock */,
				6F591AEF243E2E7F00ECEEEC /* Sources */,
				6F591AF0243E2E7F00ECEEEC /* Frameworks */,
				6F591AF1243E2E7F00ECEEEC /* Resources */,
			);
			buildRules = (
			);
			dependencies = (
			);
			name = "Rec-Col-Gnizer";
			productName = "Rec-Col-Gnizer";
			productReference = 6F591AF3243E2E7F00ECEEEC /* Rec-Col-Gnizer.app */;
			productType = "com.apple.product-type.application";
		};
		6F591B0B243E2E8500ECEEEC /* Rec-Col-GnizerTests */ = {
			isa = PBXNativeTarget;
			buildConfigurationList = 6F591B23243E2E8500ECEEEC /* Build configuration list for PBXNativeTarget "Rec-Col-GnizerTests" */;
			buildPhases = (
				6F591B08243E2E8500ECEEEC /* Sources */,
				6F591B09243E2E8500ECEEEC /* Frameworks */,
				6F591B0A243E2E8500ECEEEC /* Resources */,
			);
			buildRules = (
			);
			dependencies = (
				6F591B0E243E2E8500ECEEEC /* PBXTargetDependency */,
			);
			name = "Rec-Col-GnizerTests";
			productName = "Rec-Col-GnizerTests";
			productReference = 6F591B0C243E2E8500ECEEEC /* Rec-Col-GnizerTests.xctest */;
			productType = "com.apple.product-type.bundle.unit-test";
		};
		6F591B16243E2E8500ECEEEC /* Rec-Col-GnizerUITests */ = {
			isa = PBXNativeTarget;
			buildConfigurationList = 6F591B26243E2E8500ECEEEC /* Build configuration list for PBXNativeTarget "Rec-Col-GnizerUITests" */;
			buildPhases = (
				6F591B13243E2E8500ECEEEC /* Sources */,
				6F591B14243E2E8500ECEEEC /* Frameworks */,
				6F591B15243E2E8500ECEEEC /* Resources */,
			);
			buildRules = (
			);
			dependencies = (
				6F591B19243E2E8500ECEEEC /* PBXTargetDependency */,
			);
			name = "Rec-Col-GnizerUITests";
			productName = "Rec-Col-GnizerUITests";
			productReference = 6F591B17243E2E8500ECEEEC /* Rec-Col-GnizerUITests.xctest */;
			productType = "com.apple.product-type.bundle.ui-testing";
		};
/* End PBXNativeTarget section */

/* Begin PBXProject section */
		6F591AEB243E2E7F00ECEEEC /* Project object */ = {
			isa = PBXProject;
			attributes = {
				LastSwiftUpdateCheck = 1140;
				LastUpgradeCheck = 1140;
				ORGANIZATIONNAME = "Michał Krupa";
				TargetAttributes = {
					6F591AF2243E2E7F00ECEEEC = {
						CreatedOnToolsVersion = 11.4;
					};
					6F591B0B243E2E8500ECEEEC = {
						CreatedOnToolsVersion = 11.4;
						TestTargetID = 6F591AF2243E2E7F00ECEEEC;
					};
					6F591B16243E2E8500ECEEEC = {
						CreatedOnToolsVersion = 11.4;
						TestTargetID = 6F591AF2243E2E7F00ECEEEC;
					};
				};
			};
			buildConfigurationList = 6F591AEE243E2E7F00ECEEEC /* Build configuration list for PBXProject "Rec-Col-Gnizer" */;
			compatibilityVersion = "Xcode 9.3";
			developmentRegion = en;
			hasScannedForEncodings = 0;
			knownRegions = (
				en,
				Base,
			);
			mainGroup = 6F591AEA243E2E7F00ECEEEC;
			productRefGroup = 6F591AF4243E2E7F00ECEEEC /* Products */;
			projectDirPath = "";
			projectRoot = "";
			targets = (
				6F591AF2243E2E7F00ECEEEC /* Rec-Col-Gnizer */,
				6F591B0B243E2E8500ECEEEC /* Rec-Col-GnizerTests */,
				6F591B16243E2E8500ECEEEC /* Rec-Col-GnizerUITests */,
			);
		};
/* End PBXProject section */

/* Begin PBXResourcesBuildPhase section */
		6F591AF1243E2E7F00ECEEEC /* Resources */ = {
			isa = PBXResourcesBuildPhase;
			buildActionMask = 2147483647;
			files = (
				6F0133B624464A2900D2A25A /* SliderCell.xib in Resources */,
				6F591B06243E2E8500ECEEEC /* LaunchScreen.storyboard in Resources */,
				6F591B03243E2E8500ECEEEC /* Assets.xcassets in Resources */,
				6F9D495B244251CD00AF50D6 /* ColorNameCell.xib in Resources */,
				6F9D495F244251E100AF50D6 /* ColumnDataCell.xib in Resources */,
				6F591AFE243E2E7F00ECEEEC /* Main.storyboard in Resources */,
			);
			runOnlyForDeploymentPostprocessing = 0;
		};
		6F591B0A243E2E8500ECEEEC /* Resources */ = {
			isa = PBXResourcesBuildPhase;
			buildActionMask = 2147483647;
			files = (
			);
			runOnlyForDeploymentPostprocessing = 0;
		};
		6F591B15243E2E8500ECEEEC /* Resources */ = {
			isa = PBXResourcesBuildPhase;
			buildActionMask = 2147483647;
			files = (
			);
			runOnlyForDeploymentPostprocessing = 0;
		};
/* End PBXResourcesBuildPhase section */

/* Begin PBXShellScriptBuildPhase section */
		E2C4F1315A94ED3E13D90A9E /* [CP] Check Pods Manifest.lock */ = {
			isa = PBXShellScriptBuildPhase;
			buildActionMask = 2147483647;
			files = (
			);
			inputFileListPaths = (
			);
			inputPaths = (
				"${PODS_PODFILE_DIR_PATH}/Podfile.lock",
				"${PODS_ROOT}/Manifest.lock",
			);
			name = "[CP] Check Pods Manifest.lock";
			outputFileListPaths = (
			);
			outputPaths = (
				"$(DERIVED_FILE_DIR)/Pods-Rec-Col-Gnizer-checkManifestLockResult.txt",
			);
			runOnlyForDeploymentPostprocessing = 0;
			shellPath = /bin/sh;
			shellScript = "diff \"${PODS_PODFILE_DIR_PATH}/Podfile.lock\" \"${PODS_ROOT}/Manifest.lock\" > /dev/null\nif [ $? != 0 ] ; then\n    # print error to STDERR\n    echo \"error: The sandbox is not in sync with the Podfile.lock. Run 'pod install' or update your CocoaPods installation.\" >&2\n    exit 1\nfi\n# This output is used by Xcode 'outputs' to avoid re-running this script phase.\necho \"SUCCESS\" > \"${SCRIPT_OUTPUT_FILE_0}\"\n";
			showEnvVarsInLog = 0;
		};
/* End PBXShellScriptBuildPhase section */

/* Begin PBXSourcesBuildPhase section */
		6F591AEF243E2E7F00ECEEEC /* Sources */ = {
			isa = PBXSourcesBuildPhase;
			buildActionMask = 2147483647;
			files = (
				6FF275952440B42B00FDDBAF /* ColorDataViewController.swift in Sources */,
				6F0133B524464A2900D2A25A /* SliderCell.swift in Sources */,
				6F9D496B244266FA00AF50D6 /* Styles.swift in Sources */,
				6F9084CC2440629700D7E7A2 /* CameraControllerDelegate.swift in Sources */,
				6F591B01243E2E7F00ECEEEC /* Rec_Col_Gnizer.xcdatamodeld in Sources */,
				6F9084D9244068F000D7E7A2 /* RGBViewModel_TO_REMOVE.swift in Sources */,
				6F909F3024464D4B001FCF97 /* PickerViewModel.swift in Sources */,
				6F9138AF243E507C008B8E78 /* ColorRandomiezer.swift in Sources */,
				6FF275932440AEE400FDDBAF /* RGBViewController+TextFieldDelegate.swift in Sources */,
				6F591AF7243E2E7F00ECEEEC /* AppDelegate.swift in Sources */,
				6F9084D52440660F00D7E7A2 /* RGBModel.swift in Sources */,
				6F9084E624407B7800D7E7A2 /* ColorHelper.swift in Sources */,
				6F3A47D9243E71410036CF34 /* ImagePickerViewController.swift in Sources */,
				6FF275912440A6E200FDDBAF /* WebError.swift in Sources */,
				6F9084D02440658E00D7E7A2 /* PickerViewController.swift in Sources */,
				6FF2759B2440D13A00FDDBAF /* MainCoordinator.swift in Sources */,
				6F9D495A244251CD00AF50D6 /* ColorNameCell.swift in Sources */,
				6F9084DF24406ACF00D7E7A2 /* MainMenuModel.swift in Sources */,
				6F591B2C243E2EDD00ECEEEC /* WebService.swift in Sources */,
				6FF2758F2440A6BE00FDDBAF /* APIEndpoints.swift in Sources */,
				6F9D4969244254FC00AF50D6 /* ColorDataViewModel.swift in Sources */,
				6F9084C72440620F00D7E7A2 /* CameraController.swift in Sources */,
				6F591AF9243E2E7F00ECEEEC /* SceneDelegate.swift in Sources */,
				6F9D49522442460B00AF50D6 /* LoadingCoordinator.swift in Sources */,
				6F9D495E244251E100AF50D6 /* ColumnDataCell.swift in Sources */,
				6F591B2E243E2F0700ECEEEC /* ColorModel.swift in Sources */,
				6F9D497424426F1600AF50D6 /* CellBuilder.swift in Sources */,
				6F97C075243E57D300CDA54C /* IntroViewController.swift in Sources */,
				6F97C077243E596300CDA54C /* Coordinator.swift in Sources */,
				6F9084DD24406A2600D7E7A2 /* MainViewModel.swift in Sources */,
				6F9084D72440674E00D7E7A2 /* UserData.swift in Sources */,
				6F9D49542442475F00AF50D6 /* LoadingViewController.swift in Sources */,
				6FF275982440CEBF00FDDBAF /* Storyboarded.swift in Sources */,
				6F9084CE2440656400D7E7A2 /* RGBViewController_TO_REMOVE.swift in Sources */,
				6F9084CA2440626100D7E7A2 /* CameraError.swift in Sources */,
				6F9D49502442452200AF50D6 /* BaseViewController.swift in Sources */,
			);
			runOnlyForDeploymentPostprocessing = 0;
		};
		6F591B08243E2E8500ECEEEC /* Sources */ = {
			isa = PBXSourcesBuildPhase;
			buildActionMask = 2147483647;
			files = (
				6F591B11243E2E8500ECEEEC /* Rec_Col_GnizerTests.swift in Sources */,
			);
			runOnlyForDeploymentPostprocessing = 0;
		};
		6F591B13243E2E8500ECEEEC /* Sources */ = {
			isa = PBXSourcesBuildPhase;
			buildActionMask = 2147483647;
			files = (
				6F591B1C243E2E8500ECEEEC /* Rec_Col_GnizerUITests.swift in Sources */,
			);
			runOnlyForDeploymentPostprocessing = 0;
		};
/* End PBXSourcesBuildPhase section */

/* Begin PBXTargetDependency section */
		6F591B0E243E2E8500ECEEEC /* PBXTargetDependency */ = {
			isa = PBXTargetDependency;
			target = 6F591AF2243E2E7F00ECEEEC /* Rec-Col-Gnizer */;
			targetProxy = 6F591B0D243E2E8500ECEEEC /* PBXContainerItemProxy */;
		};
		6F591B19243E2E8500ECEEEC /* PBXTargetDependency */ = {
			isa = PBXTargetDependency;
			target = 6F591AF2243E2E7F00ECEEEC /* Rec-Col-Gnizer */;
			targetProxy = 6F591B18243E2E8500ECEEEC /* PBXContainerItemProxy */;
		};
/* End PBXTargetDependency section */

/* Begin PBXVariantGroup section */
		6F591AFC243E2E7F00ECEEEC /* Main.storyboard */ = {
			isa = PBXVariantGroup;
			children = (
				6F591AFD243E2E7F00ECEEEC /* Base */,
			);
			name = Main.storyboard;
			sourceTree = "<group>";
		};
		6F591B04243E2E8500ECEEEC /* LaunchScreen.storyboard */ = {
			isa = PBXVariantGroup;
			children = (
				6F591B05243E2E8500ECEEEC /* Base */,
			);
			name = LaunchScreen.storyboard;
			sourceTree = "<group>";
		};
/* End PBXVariantGroup section */

/* Begin XCBuildConfiguration section */
		6F591B1E243E2E8500ECEEEC /* Debug */ = {
			isa = XCBuildConfiguration;
			buildSettings = {
				ALWAYS_SEARCH_USER_PATHS = NO;
				CLANG_ANALYZER_NONNULL = YES;
				CLANG_ANALYZER_NUMBER_OBJECT_CONVERSION = YES_AGGRESSIVE;
				CLANG_CXX_LANGUAGE_STANDARD = "gnu++14";
				CLANG_CXX_LIBRARY = "libc++";
				CLANG_ENABLE_MODULES = YES;
				CLANG_ENABLE_OBJC_ARC = YES;
				CLANG_ENABLE_OBJC_WEAK = YES;
				CLANG_WARN_BLOCK_CAPTURE_AUTORELEASING = YES;
				CLANG_WARN_BOOL_CONVERSION = YES;
				CLANG_WARN_COMMA = YES;
				CLANG_WARN_CONSTANT_CONVERSION = YES;
				CLANG_WARN_DEPRECATED_OBJC_IMPLEMENTATIONS = YES;
				CLANG_WARN_DIRECT_OBJC_ISA_USAGE = YES_ERROR;
				CLANG_WARN_DOCUMENTATION_COMMENTS = YES;
				CLANG_WARN_EMPTY_BODY = YES;
				CLANG_WARN_ENUM_CONVERSION = YES;
				CLANG_WARN_INFINITE_RECURSION = YES;
				CLANG_WARN_INT_CONVERSION = YES;
				CLANG_WARN_NON_LITERAL_NULL_CONVERSION = YES;
				CLANG_WARN_OBJC_IMPLICIT_RETAIN_SELF = YES;
				CLANG_WARN_OBJC_LITERAL_CONVERSION = YES;
				CLANG_WARN_OBJC_ROOT_CLASS = YES_ERROR;
				CLANG_WARN_RANGE_LOOP_ANALYSIS = YES;
				CLANG_WARN_STRICT_PROTOTYPES = YES;
				CLANG_WARN_SUSPICIOUS_MOVE = YES;
				CLANG_WARN_UNGUARDED_AVAILABILITY = YES_AGGRESSIVE;
				CLANG_WARN_UNREACHABLE_CODE = YES;
				CLANG_WARN__DUPLICATE_METHOD_MATCH = YES;
				COPY_PHASE_STRIP = NO;
				DEBUG_INFORMATION_FORMAT = dwarf;
				ENABLE_STRICT_OBJC_MSGSEND = YES;
				ENABLE_TESTABILITY = YES;
				GCC_C_LANGUAGE_STANDARD = gnu11;
				GCC_DYNAMIC_NO_PIC = NO;
				GCC_NO_COMMON_BLOCKS = YES;
				GCC_OPTIMIZATION_LEVEL = 0;
				GCC_PREPROCESSOR_DEFINITIONS = (
					"DEBUG=1",
					"$(inherited)",
				);
				GCC_WARN_64_TO_32_BIT_CONVERSION = YES;
				GCC_WARN_ABOUT_RETURN_TYPE = YES_ERROR;
				GCC_WARN_UNDECLARED_SELECTOR = YES;
				GCC_WARN_UNINITIALIZED_AUTOS = YES_AGGRESSIVE;
				GCC_WARN_UNUSED_FUNCTION = YES;
				GCC_WARN_UNUSED_VARIABLE = YES;
				IPHONEOS_DEPLOYMENT_TARGET = 13.4;
				MTL_ENABLE_DEBUG_INFO = INCLUDE_SOURCE;
				MTL_FAST_MATH = YES;
				ONLY_ACTIVE_ARCH = YES;
				SDKROOT = iphoneos;
				SWIFT_ACTIVE_COMPILATION_CONDITIONS = DEBUG;
				SWIFT_OPTIMIZATION_LEVEL = "-Onone";
			};
			name = Debug;
		};
		6F591B1F243E2E8500ECEEEC /* Release */ = {
			isa = XCBuildConfiguration;
			buildSettings = {
				ALWAYS_SEARCH_USER_PATHS = NO;
				CLANG_ANALYZER_NONNULL = YES;
				CLANG_ANALYZER_NUMBER_OBJECT_CONVERSION = YES_AGGRESSIVE;
				CLANG_CXX_LANGUAGE_STANDARD = "gnu++14";
				CLANG_CXX_LIBRARY = "libc++";
				CLANG_ENABLE_MODULES = YES;
				CLANG_ENABLE_OBJC_ARC = YES;
				CLANG_ENABLE_OBJC_WEAK = YES;
				CLANG_WARN_BLOCK_CAPTURE_AUTORELEASING = YES;
				CLANG_WARN_BOOL_CONVERSION = YES;
				CLANG_WARN_COMMA = YES;
				CLANG_WARN_CONSTANT_CONVERSION = YES;
				CLANG_WARN_DEPRECATED_OBJC_IMPLEMENTATIONS = YES;
				CLANG_WARN_DIRECT_OBJC_ISA_USAGE = YES_ERROR;
				CLANG_WARN_DOCUMENTATION_COMMENTS = YES;
				CLANG_WARN_EMPTY_BODY = YES;
				CLANG_WARN_ENUM_CONVERSION = YES;
				CLANG_WARN_INFINITE_RECURSION = YES;
				CLANG_WARN_INT_CONVERSION = YES;
				CLANG_WARN_NON_LITERAL_NULL_CONVERSION = YES;
				CLANG_WARN_OBJC_IMPLICIT_RETAIN_SELF = YES;
				CLANG_WARN_OBJC_LITERAL_CONVERSION = YES;
				CLANG_WARN_OBJC_ROOT_CLASS = YES_ERROR;
				CLANG_WARN_RANGE_LOOP_ANALYSIS = YES;
				CLANG_WARN_STRICT_PROTOTYPES = YES;
				CLANG_WARN_SUSPICIOUS_MOVE = YES;
				CLANG_WARN_UNGUARDED_AVAILABILITY = YES_AGGRESSIVE;
				CLANG_WARN_UNREACHABLE_CODE = YES;
				CLANG_WARN__DUPLICATE_METHOD_MATCH = YES;
				COPY_PHASE_STRIP = NO;
				DEBUG_INFORMATION_FORMAT = "dwarf-with-dsym";
				ENABLE_NS_ASSERTIONS = NO;
				ENABLE_STRICT_OBJC_MSGSEND = YES;
				GCC_C_LANGUAGE_STANDARD = gnu11;
				GCC_NO_COMMON_BLOCKS = YES;
				GCC_WARN_64_TO_32_BIT_CONVERSION = YES;
				GCC_WARN_ABOUT_RETURN_TYPE = YES_ERROR;
				GCC_WARN_UNDECLARED_SELECTOR = YES;
				GCC_WARN_UNINITIALIZED_AUTOS = YES_AGGRESSIVE;
				GCC_WARN_UNUSED_FUNCTION = YES;
				GCC_WARN_UNUSED_VARIABLE = YES;
				IPHONEOS_DEPLOYMENT_TARGET = 13.4;
				MTL_ENABLE_DEBUG_INFO = NO;
				MTL_FAST_MATH = YES;
				SDKROOT = iphoneos;
				SWIFT_COMPILATION_MODE = wholemodule;
				SWIFT_OPTIMIZATION_LEVEL = "-O";
				VALIDATE_PRODUCT = YES;
			};
			name = Release;
		};
		6F591B21243E2E8500ECEEEC /* Debug */ = {
			isa = XCBuildConfiguration;
			baseConfigurationReference = 1FB3AF0B30260BE62C362D6D /* Pods-Rec-Col-Gnizer.debug.xcconfig */;
			buildSettings = {
				ASSETCATALOG_COMPILER_APPICON_NAME = AppIcon;
				CODE_SIGN_STYLE = Automatic;
				DEVELOPMENT_TEAM = 8W8AY4TB7V;
				FRAMEWORK_SEARCH_PATHS = (
					"$(PROJECT_DIR)",
					"$(SRCROOT)",
				);
				INFOPLIST_FILE = "Rec-Col-Gnizer/Info.plist";
				IPHONEOS_DEPLOYMENT_TARGET = 12.0;
				LD_RUNPATH_SEARCH_PATHS = "$(inherited)";
				PRODUCT_BUNDLE_IDENTIFIER = "AplikacjeMobilne.Rec-Col-Gnizer";
				PRODUCT_NAME = "$(TARGET_NAME)";
				SWIFT_VERSION = 5.0;
				TARGETED_DEVICE_FAMILY = 1;
			};
			name = Debug;
		};
		6F591B22243E2E8500ECEEEC /* Release */ = {
			isa = XCBuildConfiguration;
			baseConfigurationReference = 91D6104C4CD6635364E222C4 /* Pods-Rec-Col-Gnizer.release.xcconfig */;
			buildSettings = {
				ASSETCATALOG_COMPILER_APPICON_NAME = AppIcon;
				CODE_SIGN_STYLE = Automatic;
				DEVELOPMENT_TEAM = 8W8AY4TB7V;
				INFOPLIST_FILE = "Rec-Col-Gnizer/Info.plist";
				IPHONEOS_DEPLOYMENT_TARGET = 12.0;
				LD_RUNPATH_SEARCH_PATHS = "$(inherited)";
				PRODUCT_BUNDLE_IDENTIFIER = "AplikacjeMobilne.Rec-Col-Gnizer";
				PRODUCT_NAME = "$(TARGET_NAME)";
				SWIFT_VERSION = 5.0;
				TARGETED_DEVICE_FAMILY = 1;
			};
			name = Release;
		};
		6F591B24243E2E8500ECEEEC /* Debug */ = {
			isa = XCBuildConfiguration;
			buildSettings = {
				ALWAYS_EMBED_SWIFT_STANDARD_LIBRARIES = YES;
				BUNDLE_LOADER = "$(TEST_HOST)";
				CODE_SIGN_STYLE = Automatic;
				DEVELOPMENT_TEAM = 8W8AY4TB7V;
				INFOPLIST_FILE = "Rec-Col-GnizerTests/Info.plist";
				IPHONEOS_DEPLOYMENT_TARGET = 13.4;
				LD_RUNPATH_SEARCH_PATHS = (
					"$(inherited)",
					"@executable_path/Frameworks",
					"@loader_path/Frameworks",
				);
				PRODUCT_BUNDLE_IDENTIFIER = "AplikacjeMobilne.Rec-Col-GnizerTests";
				PRODUCT_NAME = "$(TARGET_NAME)";
				SWIFT_VERSION = 5.0;
				TARGETED_DEVICE_FAMILY = "1,2";
				TEST_HOST = "$(BUILT_PRODUCTS_DIR)/Rec-Col-Gnizer.app/Rec-Col-Gnizer";
			};
			name = Debug;
		};
		6F591B25243E2E8500ECEEEC /* Release */ = {
			isa = XCBuildConfiguration;
			buildSettings = {
				ALWAYS_EMBED_SWIFT_STANDARD_LIBRARIES = YES;
				BUNDLE_LOADER = "$(TEST_HOST)";
				CODE_SIGN_STYLE = Automatic;
				DEVELOPMENT_TEAM = 8W8AY4TB7V;
				INFOPLIST_FILE = "Rec-Col-GnizerTests/Info.plist";
				IPHONEOS_DEPLOYMENT_TARGET = 13.4;
				LD_RUNPATH_SEARCH_PATHS = (
					"$(inherited)",
					"@executable_path/Frameworks",
					"@loader_path/Frameworks",
				);
				PRODUCT_BUNDLE_IDENTIFIER = "AplikacjeMobilne.Rec-Col-GnizerTests";
				PRODUCT_NAME = "$(TARGET_NAME)";
				SWIFT_VERSION = 5.0;
				TARGETED_DEVICE_FAMILY = "1,2";
				TEST_HOST = "$(BUILT_PRODUCTS_DIR)/Rec-Col-Gnizer.app/Rec-Col-Gnizer";
			};
			name = Release;
		};
		6F591B27243E2E8500ECEEEC /* Debug */ = {
			isa = XCBuildConfiguration;
			buildSettings = {
				ALWAYS_EMBED_SWIFT_STANDARD_LIBRARIES = YES;
				CODE_SIGN_STYLE = Automatic;
				DEVELOPMENT_TEAM = 8W8AY4TB7V;
				INFOPLIST_FILE = "Rec-Col-GnizerUITests/Info.plist";
				LD_RUNPATH_SEARCH_PATHS = (
					"$(inherited)",
					"@executable_path/Frameworks",
					"@loader_path/Frameworks",
				);
				PRODUCT_BUNDLE_IDENTIFIER = "AplikacjeMobilne.Rec-Col-GnizerUITests";
				PRODUCT_NAME = "$(TARGET_NAME)";
				SWIFT_VERSION = 5.0;
				TARGETED_DEVICE_FAMILY = "1,2";
				TEST_TARGET_NAME = "Rec-Col-Gnizer";
			};
			name = Debug;
		};
		6F591B28243E2E8500ECEEEC /* Release */ = {
			isa = XCBuildConfiguration;
			buildSettings = {
				ALWAYS_EMBED_SWIFT_STANDARD_LIBRARIES = YES;
				CODE_SIGN_STYLE = Automatic;
				DEVELOPMENT_TEAM = 8W8AY4TB7V;
				INFOPLIST_FILE = "Rec-Col-GnizerUITests/Info.plist";
				LD_RUNPATH_SEARCH_PATHS = (
					"$(inherited)",
					"@executable_path/Frameworks",
					"@loader_path/Frameworks",
				);
				PRODUCT_BUNDLE_IDENTIFIER = "AplikacjeMobilne.Rec-Col-GnizerUITests";
				PRODUCT_NAME = "$(TARGET_NAME)";
				SWIFT_VERSION = 5.0;
				TARGETED_DEVICE_FAMILY = "1,2";
				TEST_TARGET_NAME = "Rec-Col-Gnizer";
			};
			name = Release;
		};
/* End XCBuildConfiguration section */

/* Begin XCConfigurationList section */
		6F591AEE243E2E7F00ECEEEC /* Build configuration list for PBXProject "Rec-Col-Gnizer" */ = {
			isa = XCConfigurationList;
			buildConfigurations = (
				6F591B1E243E2E8500ECEEEC /* Debug */,
				6F591B1F243E2E8500ECEEEC /* Release */,
			);
			defaultConfigurationIsVisible = 0;
			defaultConfigurationName = Release;
		};
		6F591B20243E2E8500ECEEEC /* Build configuration list for PBXNativeTarget "Rec-Col-Gnizer" */ = {
			isa = XCConfigurationList;
			buildConfigurations = (
				6F591B21243E2E8500ECEEEC /* Debug */,
				6F591B22243E2E8500ECEEEC /* Release */,
			);
			defaultConfigurationIsVisible = 0;
			defaultConfigurationName = Release;
		};
		6F591B23243E2E8500ECEEEC /* Build configuration list for PBXNativeTarget "Rec-Col-GnizerTests" */ = {
			isa = XCConfigurationList;
			buildConfigurations = (
				6F591B24243E2E8500ECEEEC /* Debug */,
				6F591B25243E2E8500ECEEEC /* Release */,
			);
			defaultConfigurationIsVisible = 0;
			defaultConfigurationName = Release;
		};
		6F591B26243E2E8500ECEEEC /* Build configuration list for PBXNativeTarget "Rec-Col-GnizerUITests" */ = {
			isa = XCConfigurationList;
			buildConfigurations = (
				6F591B27243E2E8500ECEEEC /* Debug */,
				6F591B28243E2E8500ECEEEC /* Release */,
			);
			defaultConfigurationIsVisible = 0;
			defaultConfigurationName = Release;
		};
/* End XCConfigurationList section */

/* Begin XCVersionGroup section */
		6F591AFF243E2E7F00ECEEEC /* Rec_Col_Gnizer.xcdatamodeld */ = {
			isa = XCVersionGroup;
			children = (
				6F591B00243E2E7F00ECEEEC /* Rec_Col_Gnizer.xcdatamodel */,
			);
			currentVersion = 6F591B00243E2E7F00ECEEEC /* Rec_Col_Gnizer.xcdatamodel */;
			path = Rec_Col_Gnizer.xcdatamodeld;
			sourceTree = "<group>";
			versionGroupType = wrapper.xcdatamodel;
		};
/* End XCVersionGroup section */
	};
	rootObject = 6F591AEB243E2E7F00ECEEEC /* Project object */;
}
